
Microsoft Visual Studio Solution File, Format Version 12.00
# Visual Studio 15
Project("{FAE04EC0-301F-11D3-BF4B-00C04F79EFBC}") = "Welcome to Heck", "Welcome to Heck.csproj", "{7F229DFB-E624-5F87-0964-0A19F31A98A9}"
EndProject
Project("{FAE04EC0-301F-11D3-BF4B-00C04F79EFBC}") = "Welcome to Heck.Editor", "Welcome to Heck.Editor.csproj", "{97233817-5A2F-3D07-B92F-78EA833E1ACA}"
EndProject
Global
	GlobalSection(SolutionConfigurationPlatforms) = preSolution
		Debug|Any CPU = Debug|Any CPU
		Release|Any CPU = Release|Any CPU
	EndGlobalSection
	GlobalSection(ProjectConfigurationPlatforms) = postSolution
		{7F229DFB-E624-5F87-0964-0A19F31A98A9}.Debug|Any CPU.ActiveCfg = Debug|Any CPU
		{7F229DFB-E624-5F87-0964-0A19F31A98A9}.Debug|Any CPU.Build.0 = Debug|Any CPU
		{7F229DFB-E624-5F87-0964-0A19F31A98A9}.Release|Any CPU.ActiveCfg = Release|Any CPU
		{7F229DFB-E624-5F87-0964-0A19F31A98A9}.Release|Any CPU.Build.0 = Release|Any CPU
		{97233817-5A2F-3D07-B92F-78EA833E1ACA}.Debug|Any CPU.ActiveCfg = Debug|Any CPU
		{97233817-5A2F-3D07-B92F-78EA833E1ACA}.Debug|Any CPU.Build.0 = Debug|Any CPU
		{97233817-5A2F-3D07-B92F-78EA833E1ACA}.Release|Any CPU.ActiveCfg = Release|Any CPU
		{97233817-5A2F-3D07-B92F-78EA833E1ACA}.Release|Any CPU.Build.0 = Release|Any CPU
	EndGlobalSection
	GlobalSection(SolutionProperties) = preSolution
		HideSolutionNode = FALSE
	EndGlobalSection
EndGlobal
